
Microsoft Visual Studio Solution File, Format Version 12.00
# Visual Studio 14
VisualStudioVersion = 14.0.25123.0
MinimumVisualStudioVersion = 10.0.40219.1
Project("{2150E333-8FDC-42A3-9474-1A3956D46DE8}") = "Source", "Source", "{7341F80B-AC69-42CA-BBDC-3BD667C7C640}"
EndProject
Project("{2150E333-8FDC-42A3-9474-1A3956D46DE8}") = "Sample", "Sample", "{8C25F347-E802-4BFF-BBA7-5EFA3E8CB03A}"
EndProject
Project("{FAE04EC0-301F-11D3-BF4B-00C04F79EFBC}") = "PhotonWire.Server", "Source\PhotonWire.Server\PhotonWire.Server.csproj", "{9BD9375B-4555-4D49-8CC3-44C862DD5859}"
EndProject
Project("{FAE04EC0-301F-11D3-BF4B-00C04F79EFBC}") = "PhotonWire.Client", "Source\PhotonWire.Client\PhotonWire.Client.csproj", "{D08FA876-5C52-4A74-87BD-1537BDC6A075}"
EndProject
Project("{FAE04EC0-301F-11D3-BF4B-00C04F79EFBC}") = "PhotonWire.Sample.ConsoleApp", "Sample\PhotonWire.Sample.ConsoleApp\PhotonWire.Sample.ConsoleApp.csproj", "{DEC6DC75-9328-4B31-8BDA-0E202075C14F}"
EndProject
Project("{FAE04EC0-301F-11D3-BF4B-00C04F79EFBC}") = "PhotonWire.Sample.ServerApp", "Sample\PhotonWire.Sample.ServerApp\PhotonWire.Sample.ServerApp.csproj", "{62C13B2E-44CA-46DD-955B-2BE8B8853FF4}"
EndProject
Project("{FAE04EC0-301F-11D3-BF4B-00C04F79EFBC}") = "PhotonWire.HubInvoker", "Source\PhotonWire.HubInvoker\PhotonWire.HubInvoker.csproj", "{2999BE67-59C1-4418-ACFF-AB36F63A69F6}"
EndProject
Project("{FAE04EC0-301F-11D3-BF4B-00C04F79EFBC}") = "PhotonWire.Analyzer", "Source\PhotonWire.Analyzer\PhotonWire.Analyzer.csproj", "{211E9C7F-9AC6-4427-9537-6FF07C790E11}"
EndProject
Project("{FAE04EC0-301F-11D3-BF4B-00C04F79EFBC}") = "PhotonWire.Analyzer.Test", "Source\PhotonWire.Analyzer.Test\PhotonWire.Analyzer.Test.csproj", "{036313FB-BD10-44B6-A47F-AACDBFA2F679}"
EndProject
Project("{FAE04EC0-301F-11D3-BF4B-00C04F79EFBC}") = "PhotonWire.Analyzer.Vsix", "Source\PhotonWire.Analyzer.Vsix\PhotonWire.Analyzer.Vsix.csproj", "{AC652FB6-E25A-4806-9004-05E309E489E9}"
EndProject
Project("{FAE04EC0-301F-11D3-BF4B-00C04F79EFBC}") = "PhotonWire.Server.Test", "Source\PhotonWire.Server.Test\PhotonWire.Server.Test.csproj", "{02D7010E-B649-41E7-8E8F-8E01E05F2C3E}"
EndProject
Project("{FAE04EC0-301F-11D3-BF4B-00C04F79EFBC}") = "PhotonWire.UnityClient.CSharp.Plugins", "Source\PhotonWire.UnityClient\PhotonWire.UnityClient.CSharp.Plugins.csproj", "{49C3C006-DEEC-1929-54D5-99AAF00D926A}"
EndProject
Project("{FAE04EC0-301F-11D3-BF4B-00C04F79EFBC}") = "PhotonWire.Sample.Share", "Sample\PhotonWire.Sample.Share\PhotonWire.Sample.Share.csproj", "{80A1868D-49EA-4F8F-9153-91072565B6DA}"
EndProject
Project("{FAE04EC0-301F-11D3-BF4B-00C04F79EFBC}") = "PhotonWire.UnityClient.CSharp.Editor.Plugins", "Source\PhotonWire.UnityClient\PhotonWire.UnityClient.CSharp.Editor.Plugins.csproj", "{8F622DF3-C48B-03D2-5225-429D5B16A140}"
EndProject
Project("{2150E333-8FDC-42A3-9474-1A3956D46DE8}") = "Solution Items", "Solution Items", "{F69EC9CD-AD54-4725-BF65-40C2D488E465}"
	ProjectSection(SolutionItems) = preProject
		.nuget\Client_ReadMe.txt = .nuget\Client_ReadMe.txt
		.nuget\pack.bat = .nuget\pack.bat
		.nuget\PhotonWire.Client.nuspec = .nuget\PhotonWire.Client.nuspec
		.nuget\PhotonWire.nuspec = .nuget\PhotonWire.nuspec
		.nuget\PhotonWire.Server.nuspec = .nuget\PhotonWire.Server.nuspec
		.nuget\push.bat = .nuget\push.bat
		README.md = README.md
		.nuget\Server_ReadMe.txt = .nuget\Server_ReadMe.txt
	EndProjectSection
EndProject
Global
	GlobalSection(SolutionConfigurationPlatforms) = preSolution
		Debug|Any CPU = Debug|Any CPU
		Release|Any CPU = Release|Any CPU
	EndGlobalSection
	GlobalSection(ProjectConfigurationPlatforms) = postSolution
		{9BD9375B-4555-4D49-8CC3-44C862DD5859}.Debug|Any CPU.ActiveCfg = Debug|Any CPU
		{9BD9375B-4555-4D49-8CC3-44C862DD5859}.Debug|Any CPU.Build.0 = Debug|Any CPU
		{9BD9375B-4555-4D49-8CC3-44C862DD5859}.Release|Any CPU.ActiveCfg = Release|Any CPU
		{9BD9375B-4555-4D49-8CC3-44C862DD5859}.Release|Any CPU.Build.0 = Release|Any CPU
		{D08FA876-5C52-4A74-87BD-1537BDC6A075}.Debug|Any CPU.ActiveCfg = Debug|Any CPU
		{D08FA876-5C52-4A74-87BD-1537BDC6A075}.Debug|Any CPU.Build.0 = Debug|Any CPU
		{D08FA876-5C52-4A74-87BD-1537BDC6A075}.Release|Any CPU.ActiveCfg = Release|Any CPU
		{D08FA876-5C52-4A74-87BD-1537BDC6A075}.Release|Any CPU.Build.0 = Release|Any CPU
		{DEC6DC75-9328-4B31-8BDA-0E202075C14F}.Debug|Any CPU.ActiveCfg = Debug|Any CPU
		{DEC6DC75-9328-4B31-8BDA-0E202075C14F}.Debug|Any CPU.Build.0 = Debug|Any CPU
		{DEC6DC75-9328-4B31-8BDA-0E202075C14F}.Release|Any CPU.ActiveCfg = Release|Any CPU
		{DEC6DC75-9328-4B31-8BDA-0E202075C14F}.Release|Any CPU.Build.0 = Release|Any CPU
		{62C13B2E-44CA-46DD-955B-2BE8B8853FF4}.Debug|Any CPU.ActiveCfg = Debug|Any CPU
		{62C13B2E-44CA-46DD-955B-2BE8B8853FF4}.Debug|Any CPU.Build.0 = Debug|Any CPU
		{62C13B2E-44CA-46DD-955B-2BE8B8853FF4}.Release|Any CPU.ActiveCfg = Release|Any CPU
		{62C13B2E-44CA-46DD-955B-2BE8B8853FF4}.Release|Any CPU.Build.0 = Release|Any CPU
		{2999BE67-59C1-4418-ACFF-AB36F63A69F6}.Debug|Any CPU.ActiveCfg = Debug|Any CPU
		{2999BE67-59C1-4418-ACFF-AB36F63A69F6}.Debug|Any CPU.Build.0 = Debug|Any CPU
		{2999BE67-59C1-4418-ACFF-AB36F63A69F6}.Release|Any CPU.ActiveCfg = Release|Any CPU
		{2999BE67-59C1-4418-ACFF-AB36F63A69F6}.Release|Any CPU.Build.0 = Release|Any CPU
		{211E9C7F-9AC6-4427-9537-6FF07C790E11}.Debug|Any CPU.ActiveCfg = Debug|Any CPU
		{211E9C7F-9AC6-4427-9537-6FF07C790E11}.Debug|Any CPU.Build.0 = Debug|Any CPU
		{211E9C7F-9AC6-4427-9537-6FF07C790E11}.Release|Any CPU.ActiveCfg = Release|Any CPU
		{211E9C7F-9AC6-4427-9537-6FF07C790E11}.Release|Any CPU.Build.0 = Release|Any CPU
		{036313FB-BD10-44B6-A47F-AACDBFA2F679}.Debug|Any CPU.ActiveCfg = Debug|Any CPU
		{036313FB-BD10-44B6-A47F-AACDBFA2F679}.Debug|Any CPU.Build.0 = Debug|Any CPU
		{036313FB-BD10-44B6-A47F-AACDBFA2F679}.Release|Any CPU.ActiveCfg = Release|Any CPU
		{036313FB-BD10-44B6-A47F-AACDBFA2F679}.Release|Any CPU.Build.0 = Release|Any CPU
		{AC652FB6-E25A-4806-9004-05E309E489E9}.Debug|Any CPU.ActiveCfg = Debug|Any CPU
		{AC652FB6-E25A-4806-9004-05E309E489E9}.Debug|Any CPU.Build.0 = Debug|Any CPU
		{AC652FB6-E25A-4806-9004-05E309E489E9}.Release|Any CPU.ActiveCfg = Release|Any CPU
		{AC652FB6-E25A-4806-9004-05E309E489E9}.Release|Any CPU.Build.0 = Release|Any CPU
		{02D7010E-B649-41E7-8E8F-8E01E05F2C3E}.Debug|Any CPU.ActiveCfg = Debug|Any CPU
		{02D7010E-B649-41E7-8E8F-8E01E05F2C3E}.Debug|Any CPU.Build.0 = Debug|Any CPU
		{02D7010E-B649-41E7-8E8F-8E01E05F2C3E}.Release|Any CPU.ActiveCfg = Release|Any CPU
		{02D7010E-B649-41E7-8E8F-8E01E05F2C3E}.Release|Any CPU.Build.0 = Release|Any CPU
		{49C3C006-DEEC-1929-54D5-99AAF00D926A}.Debug|Any CPU.ActiveCfg = Debug|Any CPU
		{49C3C006-DEEC-1929-54D5-99AAF00D926A}.Debug|Any CPU.Build.0 = Debug|Any CPU
		{49C3C006-DEEC-1929-54D5-99AAF00D926A}.Release|Any CPU.ActiveCfg = Release|Any CPU
		{49C3C006-DEEC-1929-54D5-99AAF00D926A}.Release|Any CPU.Build.0 = Release|Any CPU
		{80A1868D-49EA-4F8F-9153-91072565B6DA}.Debug|Any CPU.ActiveCfg = Debug|Any CPU
		{80A1868D-49EA-4F8F-9153-91072565B6DA}.Debug|Any CPU.Build.0 = Debug|Any CPU
		{80A1868D-49EA-4F8F-9153-91072565B6DA}.Release|Any CPU.ActiveCfg = Release|Any CPU
		{80A1868D-49EA-4F8F-9153-91072565B6DA}.Release|Any CPU.Build.0 = Release|Any CPU
		{8F622DF3-C48B-03D2-5225-429D5B16A140}.Debug|Any CPU.ActiveCfg = Debug|Any CPU
		{8F622DF3-C48B-03D2-5225-429D5B16A140}.Debug|Any CPU.Build.0 = Debug|Any CPU
		{8F622DF3-C48B-03D2-5225-429D5B16A140}.Release|Any CPU.ActiveCfg = Release|Any CPU
		{8F622DF3-C48B-03D2-5225-429D5B16A140}.Release|Any CPU.Build.0 = Release|Any CPU
	EndGlobalSection
	GlobalSection(SolutionProperties) = preSolution
		HideSolutionNode = FALSE
	EndGlobalSection
	GlobalSection(NestedProjects) = preSolution
		{9BD9375B-4555-4D49-8CC3-44C862DD5859} = {7341F80B-AC69-42CA-BBDC-3BD667C7C640}
		{D08FA876-5C52-4A74-87BD-1537BDC6A075} = {7341F80B-AC69-42CA-BBDC-3BD667C7C640}
		{DEC6DC75-9328-4B31-8BDA-0E202075C14F} = {8C25F347-E802-4BFF-BBA7-5EFA3E8CB03A}
		{62C13B2E-44CA-46DD-955B-2BE8B8853FF4} = {8C25F347-E802-4BFF-BBA7-5EFA3E8CB03A}
		{2999BE67-59C1-4418-ACFF-AB36F63A69F6} = {7341F80B-AC69-42CA-BBDC-3BD667C7C640}
		{211E9C7F-9AC6-4427-9537-6FF07C790E11} = {7341F80B-AC69-42CA-BBDC-3BD667C7C640}
		{036313FB-BD10-44B6-A47F-AACDBFA2F679} = {7341F80B-AC69-42CA-BBDC-3BD667C7C640}
		{AC652FB6-E25A-4806-9004-05E309E489E9} = {7341F80B-AC69-42CA-BBDC-3BD667C7C640}
		{02D7010E-B649-41E7-8E8F-8E01E05F2C3E} = {7341F80B-AC69-42CA-BBDC-3BD667C7C640}
		{49C3C006-DEEC-1929-54D5-99AAF00D926A} = {7341F80B-AC69-42CA-BBDC-3BD667C7C640}
		{80A1868D-49EA-4F8F-9153-91072565B6DA} = {8C25F347-E802-4BFF-BBA7-5EFA3E8CB03A}
		{8F622DF3-C48B-03D2-5225-429D5B16A140} = {7341F80B-AC69-42CA-BBDC-3BD667C7C640}
	EndGlobalSection
EndGlobal
